{
    "name": "backend",
    "lockfileVersion": 3,
    "requires": true,
    "packages": {
        "": {
            "dependencies": {
                "bleu": "file:../core-engine"
            }
        },
        "../core-engine": {
            "version": "1.0.0"
        },
        "node_modules/bleu": {
            "resolved": "../core-engine",
            "link": true
        }
    }
}
